{
  "name": "23-03-16-npm-prac",
  "version": "1.0.0",
  "lockfileVersion": 3,
  "requires": true,
  "packages": {
    "": {
      "name": "23-03-16-npm-prac",
      "version": "1.0.0",
      "license": "ISC",
      "dependencies": {
        "tsparticles-engine": "^2.9.3",
        "tsparticles-fireworks": "^2.9.3"
      }
    },
    "node_modules/tsparticles-engine": {
      "version": "2.9.3",
      "resolved": "https://registry.npmjs.org/tsparticles-engine/-/tsparticles-engine-2.9.3.tgz",
      "integrity": "sha512-iAD8LyRH//kx10fDMm6AfQV6dRHs1ZacUUHqVwfutcqM4x1IV2ygpjk0X87LKCnBxYeIMG78+tlxXpnpwUccOg==",
      "funding": [
        {
          "type": "github",
          "url": "https://github.com/sponsors/matteobruni"
        },
        {
          "type": "buymeacoffee",
          "url": "https://www.buymeacoffee.com/matteobruni"
        }
      ],
      "hasInstallScript": true
    },
    "node_modules/tsparticles-fireworks": {
      "version": "2.9.3",
      "resolved": "https://registry.npmjs.org/tsparticles-fireworks/-/tsparticles-fireworks-2.9.3.tgz",
      "integrity": "sha512-NcHL1mcLNgrRAfypQnQoTOTcvqp45vNex8+cDqDjB3tBUXI8yYy8Fm9W9KtJfnegTYFPjkjrOhYwDxz57kc0fA==",
      "dependencies": {
        "tsparticles-engine": "^2.9.3",
        "tsparticles-move-base": "^2.9.3",
        "tsparticles-plugin-emitters": "^2.9.3",
        "tsparticles-plugin-sounds": "^2.9.3",
        "tsparticles-shape-circle": "^2.9.3",
        "tsparticles-shape-line": "^2.9.3",
        "tsparticles-updater-angle": "^2.9.3",
        "tsparticles-updater-color": "^2.9.3",
        "tsparticles-updater-destroy": "^2.9.3",
        "tsparticles-updater-life": "^2.9.3",
        "tsparticles-updater-opacity": "^2.9.3",
        "tsparticles-updater-out-modes": "^2.9.3",
        "tsparticles-updater-size": "^2.9.3",
        "tsparticles-updater-stroke-color": "^2.9.3"
      },
      "funding": {
        "type": "github",
        "url": "https://github.com/sponsors/matteobruni"
      }
    },
    "node_modules/tsparticles-move-base": {
      "version": "2.9.3",
      "resolved": "https://registry.npmjs.org/tsparticles-move-base/-/tsparticles-move-base-2.9.3.tgz",
      "integrity": "sha512-6/uO7N9HbVJokG8sjPF8YjJzkcnwELoZEkaiABX0mGxdICYCyjpjOdOfwF7UCf8Ctqh2/kxQjv4fk0Aj2Z3nag==",
      "dependencies": {
        "tsparticles-engine": "^2.9.3"
      }
    },
    "node_modules/tsparticles-plugin-emitters": {
      "version": "2.9.3",
      "resolved": "https://registry.npmjs.org/tsparticles-plugin-emitters/-/tsparticles-plugin-emitters-2.9.3.tgz",
      "integrity": "sha512-G0rs7lL9xjbFGkWr+XDsDpyghTjiHq7oPAZyUe0c/3p0JETwQgZ63/egluYU1p3uWJj34KjgjHD3GZqjyfI95Q==",
      "dependencies": {
        "tsparticles-engine": "^2.9.3"
      }
    },
    "node_modules/tsparticles-plugin-sounds": {
      "version": "2.9.3",
      "resolved": "https://registry.npmjs.org/tsparticles-plugin-sounds/-/tsparticles-plugin-sounds-2.9.3.tgz",
      "integrity": "sha512-4vpfXfsAuGDc2j0S9hPjjoPcEciucFKwqbzEwHwy+3O/7Prx8MM4lcEKeqOI2UqBzWR4rfBhBHqmV6XGwUSleA==",
      "dependencies": {
        "tsparticles-engine": "^2.9.3"
      }
    },
    "node_modules/tsparticles-shape-circle": {
      "version": "2.9.3",
      "resolved": "https://registry.npmjs.org/tsparticles-shape-circle/-/tsparticles-shape-circle-2.9.3.tgz",
      "integrity": "sha512-d+PjFELhoCzPf2G+XKIew3Ho/Ql2fHzY0TrrIKVHzHufqWdQCWrhxNri2v0POLJFkcIYqvFThxM23I/cyKPgQw==",
      "dependencies": {
        "tsparticles-engine": "^2.9.3"
      }
    },
    "node_modules/tsparticles-shape-line": {
      "version": "2.9.3",
      "resolved": "https://registry.npmjs.org/tsparticles-shape-line/-/tsparticles-shape-line-2.9.3.tgz",
      "integrity": "sha512-uREd1nJYTUzHrXh1FcdhCx5jA0hYtuJXyUiG3es9p3VyFM/f8ookGj8Ke/C48p90IOQMWuT9DyaEDnGs+hbcVQ==",
      "dependencies": {
        "tsparticles-engine": "^2.9.3"
      }
    },
    "node_modules/tsparticles-updater-angle": {
      "version": "2.9.3",
      "resolved": "https://registry.npmjs.org/tsparticles-updater-angle/-/tsparticles-updater-angle-2.9.3.tgz",
      "integrity": "sha512-Z8VLOw2UUxrvV3YH44My5kmeBUcJUHTSCMRUIqFvgvxDs0Q/g2eVWkr1L+Crpw6PE5FJMdDGWRjWwxMwNdVfuQ==",
      "dependencies": {
        "tsparticles-engine": "^2.9.3"
      }
    },
    "node_modules/tsparticles-updater-color": {
      "version": "2.9.3",
      "resolved": "https://registry.npmjs.org/tsparticles-updater-color/-/tsparticles-updater-color-2.9.3.tgz",
      "integrity": "sha512-eBJ7ZNsG3uCQlpfEf2FocsHLlMnd/vgWPZtOr2Iu7KA2OR3zy7u62D/oiRZkZEWtjhh5GlPrsy7njo6oToRBNQ==",
      "dependencies": {
        "tsparticles-engine": "^2.9.3"
      }
    },
    "node_modules/tsparticles-updater-destroy": {
      "version": "2.9.3",
      "resolved": "https://registry.npmjs.org/tsparticles-updater-destroy/-/tsparticles-updater-destroy-2.9.3.tgz",
      "integrity": "sha512-SRgFISarsLpNz/gnMvkCFV2uITpwkUX5Fva34DVWHK6glY0053x2uvtUQluwHfp6DIJAueRMRhZ0dmzVltdOLw==",
      "dependencies": {
        "tsparticles-engine": "^2.9.3"
      }
    },
    "node_modules/tsparticles-updater-life": {
      "version": "2.9.3",
      "resolved": "https://registry.npmjs.org/tsparticles-updater-life/-/tsparticles-updater-life-2.9.3.tgz",
      "integrity": "sha512-VUeWBCLKoLd69+C9CFHjVG0SaqCbMgQqag6NIGMqTmaaZNFcn1H8rheIG9NU70UOTsYRMPfwmZK1SKnqAK6jQQ==",
      "dependencies": {
        "tsparticles-engine": "^2.9.3"
      }
    },
    "node_modules/tsparticles-updater-opacity": {
      "version": "2.9.3",
      "resolved": "https://registry.npmjs.org/tsparticles-updater-opacity/-/tsparticles-updater-opacity-2.9.3.tgz",
      "integrity": "sha512-ON5t2qeegnm+MsmaF6ZvhUmKLzk/zXozsw9Dsgw8iJYX8WmQmp2VC72COTzADW495ovwGjBiR1KFelM/GVfHgg==",
      "dependencies": {
        "tsparticles-engine": "^2.9.3"
      }
    },
    "node_modules/tsparticles-updater-out-modes": {
      "version": "2.9.3",
      "resolved": "https://registry.npmjs.org/tsparticles-updater-out-modes/-/tsparticles-updater-out-modes-2.9.3.tgz",
      "integrity": "sha512-LEcAIeK8b3ovLGuuTob1L3o57XodqRuvDjtUT2TiNIC6cf3QMAnqujwAyvBLJrYAuwr7rG1fXEEt9tovFYg+tw==",
      "dependencies": {
        "tsparticles-engine": "^2.9.3"
      }
    },
    "node_modules/tsparticles-updater-size": {
      "version": "2.9.3",
      "resolved": "https://registry.npmjs.org/tsparticles-updater-size/-/tsparticles-updater-size-2.9.3.tgz",
      "integrity": "sha512-6qQ8T+7wt/B4BD5K1LWEXrfan+h2utSY1zNhE1cTcAQUDrrU06g/tfMkbrpMdduu6RWwGtoC4OsciCnBuiLEYQ==",
      "dependencies": {
        "tsparticles-engine": "^2.9.3"
      }
    },
    "node_modules/tsparticles-updater-stroke-color": {
      "version": "2.9.3",
      "resolved": "https://registry.npmjs.org/tsparticles-updater-stroke-color/-/tsparticles-updater-stroke-color-2.9.3.tgz",
      "integrity": "sha512-zEjn8vLeoGsP0kPEg0L65wwhm7c5s7QD5cWeSz0mJVibwpV+C16K20kcSjkI57QUMAFQXwgGJ9M0grgCQsiawA==",
      "dependencies": {
        "tsparticles-engine": "^2.9.3"
      }
    }
  }
}
